
Microsoft Visual Studio Solution File, Format Version 12.00
# Visual Studio Version 17
VisualStudioVersion = 17.8.34511.84
MinimumVisualStudioVersion = 10.0.40219.1
Project("{FAE04EC0-301F-11D3-BF4B-00C04F79EFBC}") = "LogicalOperators", "LogicalOperators.csproj", "{E062DF2F-DA8B-473E-B197-C5A3C1B582E8}"
EndProject
Global
	GlobalSection(SolutionConfigurationPlatforms) = preSolution
		Debug|Any CPU = Debug|Any CPU
		Release|Any CPU = Release|Any CPU
	EndGlobalSection
	GlobalSection(ProjectConfigurationPlatforms) = postSolution
		{E062DF2F-DA8B-473E-B197-C5A3C1B582E8}.Debug|Any CPU.ActiveCfg = Debug|Any CPU
		{E062DF2F-DA8B-473E-B197-C5A3C1B582E8}.Debug|Any CPU.Build.0 = Debug|Any CPU
		{E062DF2F-DA8B-473E-B197-C5A3C1B582E8}.Release|Any CPU.ActiveCfg = Release|Any CPU
		{E062DF2F-DA8B-473E-B197-C5A3C1B582E8}.Release|Any CPU.Build.0 = Release|Any CPU
	EndGlobalSection
	GlobalSection(SolutionProperties) = preSolution
		HideSolutionNode = FALSE
	EndGlobalSection
	GlobalSection(ExtensibilityGlobals) = postSolution
		SolutionGuid = {7E724810-AE1D-4A0F-AE88-F7B229004ADC}
	EndGlobalSection
EndGlobal
