
Microsoft Visual Studio Solution File, Format Version 12.00
# Visual Studio Version 17
VisualStudioVersion = 17.8.34511.84
MinimumVisualStudioVersion = 10.0.40219.1
Project("{FAE04EC0-301F-11D3-BF4B-00C04F79EFBC}") = "ArithmeticOperators", "ArithmeticOperators.csproj", "{BFAD1496-FD8B-4D2E-B83F-85A504914EF0}"
EndProject
Global
	GlobalSection(SolutionConfigurationPlatforms) = preSolution
		Debug|Any CPU = Debug|Any CPU
		Release|Any CPU = Release|Any CPU
	EndGlobalSection
	GlobalSection(ProjectConfigurationPlatforms) = postSolution
		{BFAD1496-FD8B-4D2E-B83F-85A504914EF0}.Debug|Any CPU.ActiveCfg = Debug|Any CPU
		{BFAD1496-FD8B-4D2E-B83F-85A504914EF0}.Debug|Any CPU.Build.0 = Debug|Any CPU
		{BFAD1496-FD8B-4D2E-B83F-85A504914EF0}.Release|Any CPU.ActiveCfg = Release|Any CPU
		{BFAD1496-FD8B-4D2E-B83F-85A504914EF0}.Release|Any CPU.Build.0 = Release|Any CPU
	EndGlobalSection
	GlobalSection(SolutionProperties) = preSolution
		HideSolutionNode = FALSE
	EndGlobalSection
	GlobalSection(ExtensibilityGlobals) = postSolution
		SolutionGuid = {DF55A28C-A6D9-41DE-8410-700D97018871}
	EndGlobalSection
EndGlobal
